
Microsoft Visual Studio Solution File, Format Version 12.00
# Visual Studio 15
VisualStudioVersion = 15.0.27703.2047
MinimumVisualStudioVersion = 10.0.40219.1
Project("{FAE04EC0-301F-11D3-BF4B-00C04F79EFBC}") = "MyGalag", "MyGalag\MyGalag.csproj", "{FD0BD114-12BA-4699-A32F-9A00B9007859}"
EndProject
Global
	GlobalSection(SolutionConfigurationPlatforms) = preSolution
		Debug|Any CPU = Debug|Any CPU
		Release|Any CPU = Release|Any CPU
	EndGlobalSection
	GlobalSection(ProjectConfigurationPlatforms) = postSolution
		{FD0BD114-12BA-4699-A32F-9A00B9007859}.Debug|Any CPU.ActiveCfg = Debug|Any CPU
		{FD0BD114-12BA-4699-A32F-9A00B9007859}.Debug|Any CPU.Build.0 = Debug|Any CPU
		{FD0BD114-12BA-4699-A32F-9A00B9007859}.Release|Any CPU.ActiveCfg = Release|Any CPU
		{FD0BD114-12BA-4699-A32F-9A00B9007859}.Release|Any CPU.Build.0 = Release|Any CPU
	EndGlobalSection
	GlobalSection(SolutionProperties) = preSolution
		HideSolutionNode = FALSE
	EndGlobalSection
	GlobalSection(ExtensibilityGlobals) = postSolution
		SolutionGuid = {E9D6D326-A50D-42E8-9EE7-BA6BC07D6112}
	EndGlobalSection
EndGlobal
